github.com/guptarohit/asciigraph v0.7.1 h1:K+JWbRc04XEfv8BSZgNuvhCmpbvX4+9NYd/UxXVnAuk=
github.com/guptarohit/asciigraph v0.7.1/go.mod h1:dYl5wwK4gNsnFf9Zp+l06rFiDZ5YtXM6x7SRWZ3KGag=
golang.org/x/exp v0.0.0-20240506185415-9bf2ced13842 h1:vr/HnozRka3pE4EsMEg1lgkXJkTFJCVUX+S/ZT6wYzM=
golang.org/x/exp v0.0.0-20240506185415-9bf2ced13842/go.mod h1:XtvwrStGgqGPLc4cjQfWqZHG1YFdYs6swckp8vpsjnc=
